
Microsoft Visual Studio Solution File, Format Version 12.00
# Visual Studio 2012
Project("{FAE04EC0-301F-11D3-BF4B-00C04F79EFBC}") = "TraceSpy", "TraceSpy\TraceSpy.csproj", "{A64849FE-5B6C-44B6-8AE9-5583E67D3516}"
EndProject
Project("{FAE04EC0-301F-11D3-BF4B-00C04F79EFBC}") = "TraceSpyService", "TraceSpyService\TraceSpyService.csproj", "{29639D7A-2DA1-4F45-A697-096F31912233}"
EndProject
Global
	GlobalSection(TeamFoundationVersionControl) = preSolution
		SccNumberOfProjects = 3
		SccEnterpriseProvider = {4CA58AB2-18FA-4F8D-95D4-32DDF27D184C}
		SccTeamFoundationServer = https://tfs.codeplex.com/tfs/tfs01
		SccLocalPath0 = .
		SccProjectUniqueName1 = TraceSpy\\TraceSpy.csproj
		SccProjectName1 = TraceSpy
		SccLocalPath1 = TraceSpy
		SccProjectUniqueName2 = TraceSpyService\\TraceSpyService.csproj
		SccProjectName2 = TraceSpyService
		SccLocalPath2 = TraceSpyService
	EndGlobalSection
	GlobalSection(SolutionConfigurationPlatforms) = preSolution
		Debug|Any CPU = Debug|Any CPU
		Release|Any CPU = Release|Any CPU
	EndGlobalSection
	GlobalSection(ProjectConfigurationPlatforms) = postSolution
		{A64849FE-5B6C-44B6-8AE9-5583E67D3516}.Debug|Any CPU.ActiveCfg = Debug|Any CPU
		{A64849FE-5B6C-44B6-8AE9-5583E67D3516}.Debug|Any CPU.Build.0 = Debug|Any CPU
		{A64849FE-5B6C-44B6-8AE9-5583E67D3516}.Release|Any CPU.ActiveCfg = Release|Any CPU
		{A64849FE-5B6C-44B6-8AE9-5583E67D3516}.Release|Any CPU.Build.0 = Release|Any CPU
		{29639D7A-2DA1-4F45-A697-096F31912233}.Debug|Any CPU.ActiveCfg = Debug|Any CPU
		{29639D7A-2DA1-4F45-A697-096F31912233}.Debug|Any CPU.Build.0 = Debug|Any CPU
		{29639D7A-2DA1-4F45-A697-096F31912233}.Release|Any CPU.ActiveCfg = Release|Any CPU
		{29639D7A-2DA1-4F45-A697-096F31912233}.Release|Any CPU.Build.0 = Release|Any CPU
	EndGlobalSection
	GlobalSection(SolutionProperties) = preSolution
		HideSolutionNode = FALSE
	EndGlobalSection
EndGlobal
